
Microsoft Visual Studio Solution File, Format Version 12.00
# Visual Studio Version 17
VisualStudioVersion = 17.4.33122.133
MinimumVisualStudioVersion = 10.0.40219.1
Project("{D2ABAB84-BF74-430A-B69E-9DC6D40DDA17}") = "SSAS_20520995_20521110", "SSAS_11\SSAS_20520995_20521110.dwproj", "{3617F17D-0AD2-4B5B-ACFF-6FF100047E1F}"
EndProject
Global
	GlobalSection(SolutionConfigurationPlatforms) = preSolution
		Development|Default = Development|Default
	EndGlobalSection
	GlobalSection(ProjectConfigurationPlatforms) = postSolution
		{3617F17D-0AD2-4B5B-ACFF-6FF100047E1F}.Development|Default.ActiveCfg = Development
		{3617F17D-0AD2-4B5B-ACFF-6FF100047E1F}.Development|Default.Build.0 = Development
		{3617F17D-0AD2-4B5B-ACFF-6FF100047E1F}.Development|Default.Deploy.0 = Development
	EndGlobalSection
	GlobalSection(SolutionProperties) = preSolution
		HideSolutionNode = FALSE
	EndGlobalSection
	GlobalSection(ExtensibilityGlobals) = postSolution
		SolutionGuid = {C86911F2-AF9B-4989-A917-C146C2C231E5}
	EndGlobalSection
EndGlobal
